// !$*UTF8*$!
{
	archiveVersion = 1;
	classes = {
	};
	objectVersion = 56;
	objects = {

/* Begin PBXBuildFile section */
		A10000000000000000000001 /* IgnireCalendarCore.swift in Sources */ = {isa = PBXBuildFile; fileRef = A20000000000000000000001 /* IgnireCalendarCore.swift */; };
		A10000000000000000000002 /* IgnireCalendarApp.swift in Sources */ = {isa = PBXBuildFile; fileRef = A20000000000000000000002 /* IgnireCalendarApp.swift */; };
		A10000000000000000000003 /* ContentView.swift in Sources */ = {isa = PBXBuildFile; fileRef = A20000000000000000000003 /* ContentView.swift */; };
		A10000000000000000000004 /* IgnireCalendarCore.swift in Sources */ = {isa = PBXBuildFile; fileRef = A20000000000000000000001 /* IgnireCalendarCore.swift */; };
		A10000000000000000000005 /* IgnireCalendarWidget.swift in Sources */ = {isa = PBXBuildFile; fileRef = A20000000000000000000004 /* IgnireCalendarWidget.swift */; };
		A10000000000000000000006 /* IgnireCalendarWidget.appex in Embed Foundation Extensions */ = {isa = PBXBuildFile; fileRef = A20000000000000000000008 /* IgnireCalendarWidget.appex */; settings = {ATTRIBUTES = (CodeSignOnCopy, RemoveHeadersOnCopy, ); }; };
		A10000000000000000000008 /* IgnireCalendarCoreTests.swift in Sources */ = {isa = PBXBuildFile; fileRef = A20000000000000000000006 /* IgnireCalendarCoreTests.swift */; };
/* End PBXBuildFile section */

/* Begin PBXContainerItemProxy section */
		A30000000000000000000001 /* PBXContainerItemProxy */ = {
			isa = PBXContainerItemProxy;
			containerPortal = A40000000000000000000001 /* Project object */;
			proxyType = 1;
			remoteGlobalIDString = A50000000000000000000002;
			remoteInfo = IgnireCalendarWidget;
		};
		A30000000000000000000002 /* PBXContainerItemProxy */ = {
			isa = PBXContainerItemProxy;
			containerPortal = A40000000000000000000001 /* Project object */;
			proxyType = 1;
			remoteGlobalIDString = A50000000000000000000001;
			remoteInfo = IgnireCalendar;
		};
/* End PBXContainerItemProxy section */

/* Begin PBXCopyFilesBuildPhase section */
		A60000000000000000000001 /* Embed Foundation Extensions */ = {
			isa = PBXCopyFilesBuildPhase;
			buildActionMask = 2147483647;
			dstPath = "";
			dstSubfolderSpec = 13;
			files = (
				A10000000000000000000006 /* IgnireCalendarWidget.appex in Embed Foundation Extensions */,
			);
			name = "Embed Foundation Extensions";
			runOnlyForDeploymentPostprocessing = 0;
		};
/* End PBXCopyFilesBuildPhase section */

/* Begin PBXFileReference section */
		A20000000000000000000001 /* IgnireCalendarCore.swift */ = {isa = PBXFileReference; lastKnownFileType = sourcecode.swift; path = IgnireCalendarCore.swift; sourceTree = "<group>"; };
		A20000000000000000000002 /* IgnireCalendarApp.swift */ = {isa = PBXFileReference; lastKnownFileType = sourcecode.swift; path = IgnireCalendarApp.swift; sourceTree = "<group>"; };
		A20000000000000000000003 /* ContentView.swift */ = {isa = PBXFileReference; lastKnownFileType = sourcecode.swift; path = ContentView.swift; sourceTree = "<group>"; };
		A20000000000000000000004 /* IgnireCalendarWidget.swift */ = {isa = PBXFileReference; lastKnownFileType = sourcecode.swift; path = IgnireCalendarWidget.swift; sourceTree = "<group>"; };
		A20000000000000000000005 /* Info.plist */ = {isa = PBXFileReference; lastKnownFileType = text.plist.xml; path = Info.plist; sourceTree = "<group>"; };
		A20000000000000000000006 /* IgnireCalendarCoreTests.swift */ = {isa = PBXFileReference; lastKnownFileType = sourcecode.swift; path = IgnireCalendarCoreTests.swift; sourceTree = "<group>"; };
		A20000000000000000000007 /* IgnireCalendar.app */ = {isa = PBXFileReference; explicitFileType = wrapper.application; includeInIndex = 0; path = IgnireCalendar.app; sourceTree = BUILT_PRODUCTS_DIR; };
		A20000000000000000000008 /* IgnireCalendarWidget.appex */ = {isa = PBXFileReference; explicitFileType = "wrapper.app-extension"; includeInIndex = 0; path = IgnireCalendarWidget.appex; sourceTree = BUILT_PRODUCTS_DIR; };
		A20000000000000000000009 /* IgnireCalendarTests.xctest */ = {isa = PBXFileReference; explicitFileType = wrapper.cfbundle; includeInIndex = 0; path = IgnireCalendarTests.xctest; sourceTree = BUILT_PRODUCTS_DIR; };
		A20000000000000000000010 /* Info.plist */ = {isa = PBXFileReference; lastKnownFileType = text.plist.xml; path = Info.plist; sourceTree = "<group>"; };
/* End PBXFileReference section */

/* Begin PBXFrameworksBuildPhase section */
		A70000000000000000000001 /* Frameworks */ = {
			isa = PBXFrameworksBuildPhase;
			buildActionMask = 2147483647;
			files = (
			);
			runOnlyForDeploymentPostprocessing = 0;
		};
		A70000000000000000000002 /* Frameworks */ = {
			isa = PBXFrameworksBuildPhase;
			buildActionMask = 2147483647;
			files = (
			);
			runOnlyForDeploymentPostprocessing = 0;
		};
		A70000000000000000000003 /* Frameworks */ = {
			isa = PBXFrameworksBuildPhase;
			buildActionMask = 2147483647;
			files = (
			);
			runOnlyForDeploymentPostprocessing = 0;
		};
/* End PBXFrameworksBuildPhase section */

/* Begin PBXGroup section */
		A80000000000000000000001 = {
			isa = PBXGroup;
			children = (
				A80000000000000000000002 /* IgnireCalendar */,
				A80000000000000000000003 /* IgnireCalendarWidget */,
				A80000000000000000000004 /* IgnireCalendarTests */,
				A80000000000000000000005 /* Products */,
			);
			sourceTree = "<group>";
		};
		A80000000000000000000002 /* IgnireCalendar */ = {
			isa = PBXGroup;
			children = (
				A20000000000000000000001 /* IgnireCalendarCore.swift */,
				A20000000000000000000002 /* IgnireCalendarApp.swift */,
				A20000000000000000000003 /* ContentView.swift */,
				A20000000000000000000010 /* Info.plist */,
			);
			path = IgnireCalendar;
			sourceTree = "<group>";
		};
		A80000000000000000000003 /* IgnireCalendarWidget */ = {
			isa = PBXGroup;
			children = (
				A20000000000000000000004 /* IgnireCalendarWidget.swift */,
				A20000000000000000000005 /* Info.plist */,
			);
			path = IgnireCalendarWidget;
			sourceTree = "<group>";
		};
		A80000000000000000000004 /* IgnireCalendarTests */ = {
			isa = PBXGroup;
			children = (
				A20000000000000000000006 /* IgnireCalendarCoreTests.swift */,
			);
			path = IgnireCalendarTests;
			sourceTree = "<group>";
		};
		A80000000000000000000005 /* Products */ = {
			isa = PBXGroup;
			children = (
				A20000000000000000000007 /* IgnireCalendar.app */,
				A20000000000000000000008 /* IgnireCalendarWidget.appex */,
				A20000000000000000000009 /* IgnireCalendarTests.xctest */,
			);
			name = Products;
			sourceTree = "<group>";
		};
/* End PBXGroup section */

/* Begin PBXNativeTarget section */
		A50000000000000000000001 /* IgnireCalendar */ = {
			isa = PBXNativeTarget;
			buildConfigurationList = A90000000000000000000002 /* Build configuration list for PBXNativeTarget "IgnireCalendar" */;
			buildPhases = (
				A70000000000000000000001 /* Frameworks */,
				AA00000000000000000000001 /* Sources */,
				A60000000000000000000001 /* Embed Foundation Extensions */,
			);
			buildRules = (
			);
			dependencies = (
				AB00000000000000000000001 /* PBXTargetDependency */,
			);
			name = IgnireCalendar;
			productName = IgnireCalendar;
			productReference = A20000000000000000000007 /* IgnireCalendar.app */;
			productType = "com.apple.product-type.application";
		};
		A50000000000000000000002 /* IgnireCalendarWidget */ = {
			isa = PBXNativeTarget;
			buildConfigurationList = A90000000000000000000003 /* Build configuration list for PBXNativeTarget "IgnireCalendarWidget" */;
			buildPhases = (
				A70000000000000000000002 /* Frameworks */,
				AA00000000000000000000002 /* Sources */,
			);
			buildRules = (
			);
			dependencies = (
			);
			name = IgnireCalendarWidget;
			productName = IgnireCalendarWidget;
			productReference = A20000000000000000000008 /* IgnireCalendarWidget.appex */;
			productType = "com.apple.product-type.app-extension";
		};
		A50000000000000000000003 /* IgnireCalendarTests */ = {
			isa = PBXNativeTarget;
			buildConfigurationList = A90000000000000000000004 /* Build configuration list for PBXNativeTarget "IgnireCalendarTests" */;
			buildPhases = (
				A70000000000000000000003 /* Frameworks */,
				AA00000000000000000000003 /* Sources */,
			);
			buildRules = (
			);
			dependencies = (
				AB00000000000000000000002 /* PBXTargetDependency */,
			);
			name = IgnireCalendarTests;
			productName = IgnireCalendarTests;
			productReference = A20000000000000000000009 /* IgnireCalendarTests.xctest */;
			productType = "com.apple.product-type.bundle.unit-test";
		};
/* End PBXNativeTarget section */

/* Begin PBXProject section */
		A40000000000000000000001 /* Project object */ = {
			isa = PBXProject;
			attributes = {
				LastSwiftUpdateCheck = 1640;
				LastUpgradeCheck = 1640;
				TargetAttributes = {
					A50000000000000000000002 = {
						CreatedOnToolsVersion = 16.4;
					};
				};
			};
			buildConfigurationList = A90000000000000000000001 /* Build configuration list for PBXProject "IgnireCalendar" */;
			compatibilityVersion = "Xcode 14.0";
			developmentRegion = en;
			hasScannedForEncodings = 0;
			knownRegions = (
				en,
				Base,
				"zh-Hant",
			);
			mainGroup = A80000000000000000000001;
			productRefGroup = A80000000000000000000005 /* Products */;
			projectDirPath = "";
			projectRoot = "";
			targets = (
				A50000000000000000000001 /* IgnireCalendar */,
				A50000000000000000000002 /* IgnireCalendarWidget */,
				A50000000000000000000003 /* IgnireCalendarTests */,
			);
		};
/* End PBXProject section */

/* Begin PBXSourcesBuildPhase section */
		AA00000000000000000000001 /* Sources */ = {
			isa = PBXSourcesBuildPhase;
			buildActionMask = 2147483647;
			files = (
				A10000000000000000000001 /* IgnireCalendarCore.swift in Sources */,
				A10000000000000000000002 /* IgnireCalendarApp.swift in Sources */,
				A10000000000000000000003 /* ContentView.swift in Sources */,
			);
			runOnlyForDeploymentPostprocessing = 0;
		};
		AA00000000000000000000002 /* Sources */ = {
			isa = PBXSourcesBuildPhase;
			buildActionMask = 2147483647;
			files = (
				A10000000000000000000004 /* IgnireCalendarCore.swift in Sources */,
				A10000000000000000000005 /* IgnireCalendarWidget.swift in Sources */,
			);
			runOnlyForDeploymentPostprocessing = 0;
		};
		AA00000000000000000000003 /* Sources */ = {
			isa = PBXSourcesBuildPhase;
			buildActionMask = 2147483647;
			files = (
				A10000000000000000000008 /* IgnireCalendarCoreTests.swift in Sources */,
			);
			runOnlyForDeploymentPostprocessing = 0;
		};
/* End PBXSourcesBuildPhase section */

/* Begin PBXTargetDependency section */
		AB00000000000000000000001 /* PBXTargetDependency */ = {
			isa = PBXTargetDependency;
			target = A50000000000000000000002 /* IgnireCalendarWidget */;
			targetProxy = A30000000000000000000001 /* PBXContainerItemProxy */;
		};
		AB00000000000000000000002 /* PBXTargetDependency */ = {
			isa = PBXTargetDependency;
			target = A50000000000000000000001 /* IgnireCalendar */;
			targetProxy = A30000000000000000000002 /* PBXContainerItemProxy */;
		};
/* End PBXTargetDependency section */

/* Begin XCBuildConfiguration section */
		AC00000000000000000000001 /* Debug */ = {
			isa = XCBuildConfiguration;
			buildSettings = {
				ALWAYS_SEARCH_USER_PATHS = NO;
				CLANG_CXX_LANGUAGE_STANDARD = "gnu++20";
				CLANG_ENABLE_MODULES = YES;
				CLANG_ENABLE_OBJC_ARC = YES;
				CLANG_WARN_QUOTED_INCLUDE_IN_FRAMEWORK_HEADER = YES;
				DEBUG_INFORMATION_FORMAT = dwarf;
				ENABLE_STRICT_OBJC_MSGSEND = YES;
				GCC_C_LANGUAGE_STANDARD = gnu17;
				GCC_NO_COMMON_BLOCKS = YES;
				GCC_WARN_64_TO_32_BIT_CONVERSION = YES;
				GCC_WARN_UNDECLARED_SELECTOR = YES;
				GCC_WARN_UNINITIALIZED_AUTOS = YES_AGGRESSIVE;
				IPHONEOS_DEPLOYMENT_TARGET = 16.0;
				MTL_ENABLE_DEBUG_INFO = INCLUDE_SOURCE;
				ONLY_ACTIVE_ARCH = YES;
				SDKROOT = iphoneos;
				SWIFT_ACTIVE_COMPILATION_CONDITIONS = DEBUG;
				SWIFT_OPTIMIZATION_LEVEL = "-Onone";
			};
			name = Debug;
		};
		AC00000000000000000000002 /* Release */ = {
			isa = XCBuildConfiguration;
			buildSettings = {
				ALWAYS_SEARCH_USER_PATHS = NO;
				CLANG_CXX_LANGUAGE_STANDARD = "gnu++20";
				CLANG_ENABLE_MODULES = YES;
				CLANG_ENABLE_OBJC_ARC = YES;
				DEBUG_INFORMATION_FORMAT = "dwarf-with-dsym";
				ENABLE_NS_ASSERTIONS = NO;
				GCC_C_LANGUAGE_STANDARD = gnu17;
				IPHONEOS_DEPLOYMENT_TARGET = 16.0;
				SDKROOT = iphoneos;
				SWIFT_COMPILATION_MODE = wholemodule;
				SWIFT_OPTIMIZATION_LEVEL = "-O";
			};
			name = Release;
		};
		AC00000000000000000000003 /* Debug */ = {
			isa = XCBuildConfiguration;
			buildSettings = {
				CODE_SIGN_STYLE = Automatic;
				CURRENT_PROJECT_VERSION = 1;
				DEVELOPMENT_TEAM = XFNUW94GJL;
				ENABLE_TESTABILITY = YES;
				INFOPLIST_FILE = IgnireCalendar/Info.plist;
				MARKETING_VERSION = 1.0;
				PRODUCT_BUNDLE_IDENTIFIER = com.ignire.calendar;
				PRODUCT_NAME = "$(TARGET_NAME)";
				SUPPORTED_PLATFORMS = "iphoneos iphonesimulator";
				SWIFT_VERSION = 5.0;
				TARGETED_DEVICE_FAMILY = 1;
			};
			name = Debug;
		};
		AC00000000000000000000004 /* Release */ = {
			isa = XCBuildConfiguration;
			buildSettings = {
				CODE_SIGN_STYLE = Automatic;
				CURRENT_PROJECT_VERSION = 1;
				DEVELOPMENT_TEAM = XFNUW94GJL;
				INFOPLIST_FILE = IgnireCalendar/Info.plist;
				MARKETING_VERSION = 1.0;
				PRODUCT_BUNDLE_IDENTIFIER = com.ignire.calendar;
				PRODUCT_NAME = "$(TARGET_NAME)";
				SUPPORTED_PLATFORMS = "iphoneos iphonesimulator";
				SWIFT_VERSION = 5.0;
				TARGETED_DEVICE_FAMILY = 1;
			};
			name = Release;
		};
		AC00000000000000000000005 /* Debug */ = {
			isa = XCBuildConfiguration;
			buildSettings = {
				APPLICATION_EXTENSION_API_ONLY = YES;
				CODE_SIGN_STYLE = Automatic;
				CURRENT_PROJECT_VERSION = 1;
				DEVELOPMENT_TEAM = XFNUW94GJL;
				INFOPLIST_FILE = IgnireCalendarWidget/Info.plist;
				IPHONEOS_DEPLOYMENT_TARGET = 16.0;
				MARKETING_VERSION = 1.0;
				PRODUCT_BUNDLE_IDENTIFIER = com.ignire.calendar.widget;
				PRODUCT_NAME = "$(TARGET_NAME)";
				SKIP_INSTALL = YES;
				SWIFT_VERSION = 5.0;
				TARGETED_DEVICE_FAMILY = 1;
			};
			name = Debug;
		};
		AC00000000000000000000006 /* Release */ = {
			isa = XCBuildConfiguration;
			buildSettings = {
				APPLICATION_EXTENSION_API_ONLY = YES;
				CODE_SIGN_STYLE = Automatic;
				CURRENT_PROJECT_VERSION = 1;
				DEVELOPMENT_TEAM = XFNUW94GJL;
				INFOPLIST_FILE = IgnireCalendarWidget/Info.plist;
				IPHONEOS_DEPLOYMENT_TARGET = 16.0;
				MARKETING_VERSION = 1.0;
				PRODUCT_BUNDLE_IDENTIFIER = com.ignire.calendar.widget;
				PRODUCT_NAME = "$(TARGET_NAME)";
				SKIP_INSTALL = YES;
				SWIFT_VERSION = 5.0;
				TARGETED_DEVICE_FAMILY = 1;
			};
			name = Release;
		};
		AC00000000000000000000007 /* Debug */ = {
			isa = XCBuildConfiguration;
			buildSettings = {
				BUNDLE_LOADER = "$(TEST_HOST)";
				CODE_SIGN_STYLE = Automatic;
				DEVELOPMENT_TEAM = XFNUW94GJL;
				GENERATE_INFOPLIST_FILE = YES;
				PRODUCT_BUNDLE_IDENTIFIER = com.ignire.calendar.tests;
				PRODUCT_NAME = "$(TARGET_NAME)";
				SWIFT_VERSION = 5.0;
				TEST_HOST = "$(BUILT_PRODUCTS_DIR)/IgnireCalendar.app/$(BUNDLE_EXECUTABLE_FOLDER_PATH)/IgnireCalendar";
			};
			name = Debug;
		};
		AC00000000000000000000008 /* Release */ = {
			isa = XCBuildConfiguration;
			buildSettings = {
				BUNDLE_LOADER = "$(TEST_HOST)";
				CODE_SIGN_STYLE = Automatic;
				DEVELOPMENT_TEAM = XFNUW94GJL;
				GENERATE_INFOPLIST_FILE = YES;
				PRODUCT_BUNDLE_IDENTIFIER = com.ignire.calendar.tests;
				PRODUCT_NAME = "$(TARGET_NAME)";
				SWIFT_VERSION = 5.0;
				TEST_HOST = "$(BUILT_PRODUCTS_DIR)/IgnireCalendar.app/$(BUNDLE_EXECUTABLE_FOLDER_PATH)/IgnireCalendar";
			};
			name = Release;
		};
/* End XCBuildConfiguration section */

/* Begin XCConfigurationList section */
		A90000000000000000000001 /* Build configuration list for PBXProject "IgnireCalendar" */ = {
			isa = XCConfigurationList;
			buildConfigurations = (
				AC00000000000000000000001 /* Debug */,
				AC00000000000000000000002 /* Release */,
			);
			defaultConfigurationIsVisible = 0;
			defaultConfigurationName = Release;
		};
		A90000000000000000000002 /* Build configuration list for PBXNativeTarget "IgnireCalendar" */ = {
			isa = XCConfigurationList;
			buildConfigurations = (
				AC00000000000000000000003 /* Debug */,
				AC00000000000000000000004 /* Release */,
			);
			defaultConfigurationIsVisible = 0;
			defaultConfigurationName = Release;
		};
		A90000000000000000000003 /* Build configuration list for PBXNativeTarget "IgnireCalendarWidget" */ = {
			isa = XCConfigurationList;
			buildConfigurations = (
				AC00000000000000000000005 /* Debug */,
				AC00000000000000000000006 /* Release */,
			);
			defaultConfigurationIsVisible = 0;
			defaultConfigurationName = Release;
		};
		A90000000000000000000004 /* Build configuration list for PBXNativeTarget "IgnireCalendarTests" */ = {
			isa = XCConfigurationList;
			buildConfigurations = (
				AC00000000000000000000007 /* Debug */,
				AC00000000000000000000008 /* Release */,
			);
			defaultConfigurationIsVisible = 0;
			defaultConfigurationName = Release;
		};
/* End XCConfigurationList section */
	};
	rootObject = A40000000000000000000001 /* Project object */;
}
